
Microsoft Visual Studio Solution File, Format Version 12.00
# Visual Studio Version 17
VisualStudioVersion = 17.0.31903.59
MinimumVisualStudioVersion = 10.0.40219.1
Project("{FAE04EC0-301F-11D3-BF4B-00C04F79EFBC}") = "Jelly", "Jelly\Jelly.csproj", "{20546136-C035-4BD8-B95E-454D5AFA041A}"
EndProject
Project("{FAE04EC0-301F-11D3-BF4B-00C04F79EFBC}") = "Jelly.Tests", "Jelly.Tests\Jelly.Tests.csproj", "{9EAE96C1-B9FB-402B-B2E9-D5595628BF17}"
EndProject
Project("{FAE04EC0-301F-11D3-BF4B-00C04F79EFBC}") = "Jelly.Shell", "Jelly.Shell\Jelly.Shell.csproj", "{2C79A2F3-7BDD-4A39-BA90-E0814E478950}"
EndProject
Project("{FAE04EC0-301F-11D3-BF4B-00C04F79EFBC}") = "Jelly.Shell.Tests", "Jelly.Shell.Tests\Jelly.Shell.Tests.csproj", "{0E8A0415-08B8-4AC0-B7B2-47567B1806C3}"
EndProject
Project("{FAE04EC0-301F-11D3-BF4B-00C04F79EFBC}") = "Jelly.Experimental", "Jelly.Experimental\Jelly.Experimental.csproj", "{18A212B9-0140-4D00-A569-43622A27E0B2}"
EndProject
Project("{FAE04EC0-301F-11D3-BF4B-00C04F79EFBC}") = "Jelly.Examples.Tests", "Jelly.Examples.Tests\Jelly.Examples.Tests.csproj", "{A10E978A-BEC7-4547-9955-631E4AB195AC}"
EndProject
Global
	GlobalSection(SolutionConfigurationPlatforms) = preSolution
		Debug|Any CPU = Debug|Any CPU
		Release|Any CPU = Release|Any CPU
	EndGlobalSection
	GlobalSection(SolutionProperties) = preSolution
		HideSolutionNode = FALSE
	EndGlobalSection
	GlobalSection(ProjectConfigurationPlatforms) = postSolution
		{20546136-C035-4BD8-B95E-454D5AFA041A}.Debug|Any CPU.ActiveCfg = Debug|Any CPU
		{20546136-C035-4BD8-B95E-454D5AFA041A}.Debug|Any CPU.Build.0 = Debug|Any CPU
		{20546136-C035-4BD8-B95E-454D5AFA041A}.Release|Any CPU.ActiveCfg = Release|Any CPU
		{20546136-C035-4BD8-B95E-454D5AFA041A}.Release|Any CPU.Build.0 = Release|Any CPU
		{9EAE96C1-B9FB-402B-B2E9-D5595628BF17}.Debug|Any CPU.ActiveCfg = Debug|Any CPU
		{9EAE96C1-B9FB-402B-B2E9-D5595628BF17}.Debug|Any CPU.Build.0 = Debug|Any CPU
		{9EAE96C1-B9FB-402B-B2E9-D5595628BF17}.Release|Any CPU.ActiveCfg = Release|Any CPU
		{9EAE96C1-B9FB-402B-B2E9-D5595628BF17}.Release|Any CPU.Build.0 = Release|Any CPU
		{2C79A2F3-7BDD-4A39-BA90-E0814E478950}.Debug|Any CPU.ActiveCfg = Debug|Any CPU
		{2C79A2F3-7BDD-4A39-BA90-E0814E478950}.Debug|Any CPU.Build.0 = Debug|Any CPU
		{2C79A2F3-7BDD-4A39-BA90-E0814E478950}.Release|Any CPU.ActiveCfg = Release|Any CPU
		{2C79A2F3-7BDD-4A39-BA90-E0814E478950}.Release|Any CPU.Build.0 = Release|Any CPU
		{0E8A0415-08B8-4AC0-B7B2-47567B1806C3}.Debug|Any CPU.ActiveCfg = Debug|Any CPU
		{0E8A0415-08B8-4AC0-B7B2-47567B1806C3}.Debug|Any CPU.Build.0 = Debug|Any CPU
		{0E8A0415-08B8-4AC0-B7B2-47567B1806C3}.Release|Any CPU.ActiveCfg = Release|Any CPU
		{0E8A0415-08B8-4AC0-B7B2-47567B1806C3}.Release|Any CPU.Build.0 = Release|Any CPU
		{18A212B9-0140-4D00-A569-43622A27E0B2}.Debug|Any CPU.ActiveCfg = Debug|Any CPU
		{18A212B9-0140-4D00-A569-43622A27E0B2}.Debug|Any CPU.Build.0 = Debug|Any CPU
		{18A212B9-0140-4D00-A569-43622A27E0B2}.Release|Any CPU.ActiveCfg = Release|Any CPU
		{18A212B9-0140-4D00-A569-43622A27E0B2}.Release|Any CPU.Build.0 = Release|Any CPU
		{A10E978A-BEC7-4547-9955-631E4AB195AC}.Debug|Any CPU.ActiveCfg = Debug|Any CPU
		{A10E978A-BEC7-4547-9955-631E4AB195AC}.Debug|Any CPU.Build.0 = Debug|Any CPU
		{A10E978A-BEC7-4547-9955-631E4AB195AC}.Release|Any CPU.ActiveCfg = Release|Any CPU
		{A10E978A-BEC7-4547-9955-631E4AB195AC}.Release|Any CPU.Build.0 = Release|Any CPU
	EndGlobalSection
EndGlobal
